
Microsoft Visual Studio Solution File, Format Version 12.00
# Visual Studio 15
VisualStudioVersion = 15.0.34930.48
MinimumVisualStudioVersion = 10.0.40219.1
Project("{FAE04EC0-301F-11D3-BF4B-00C04F79EFBC}") = "SendingApp", "SendingApp\SendingApp.csproj", "{F9A10B14-48F0-4E99-9EAC-0D11070C6FE0}"
EndProject
Global
	GlobalSection(SolutionConfigurationPlatforms) = preSolution
		Debug|Any CPU = Debug|Any CPU
		Release|Any CPU = Release|Any CPU
	EndGlobalSection
	GlobalSection(ProjectConfigurationPlatforms) = postSolution
		{F9A10B14-48F0-4E99-9EAC-0D11070C6FE0}.Debug|Any CPU.ActiveCfg = Debug|Any CPU
		{F9A10B14-48F0-4E99-9EAC-0D11070C6FE0}.Debug|Any CPU.Build.0 = Debug|Any CPU
		{F9A10B14-48F0-4E99-9EAC-0D11070C6FE0}.Release|Any CPU.ActiveCfg = Release|Any CPU
		{F9A10B14-48F0-4E99-9EAC-0D11070C6FE0}.Release|Any CPU.Build.0 = Release|Any CPU
	EndGlobalSection
	GlobalSection(SolutionProperties) = preSolution
		HideSolutionNode = FALSE
	EndGlobalSection
	GlobalSection(ExtensibilityGlobals) = postSolution
		SolutionGuid = {9A0B9F10-76A9-4CE8-9DCD-548CB1081E69}
	EndGlobalSection
EndGlobal
